
Microsoft Visual Studio Solution File, Format Version 12.00
# Visual Studio 2013
VisualStudioVersion = 12.0.31101.0
MinimumVisualStudioVersion = 10.0.40219.1
Project("{FAE04EC0-301F-11D3-BF4B-00C04F79EFBC}") = "DollarTracker.Web", "DollarTracker.Web\DollarTracker.Web.csproj", "{4A1C8910-8D0B-4DDE-88CB-A326D6D0AAF9}"
EndProject
Project("{FAE04EC0-301F-11D3-BF4B-00C04F79EFBC}") = "DollarTracker.EF", "DollarTracker.EF\DollarTracker.EF.csproj", "{2AF15F94-1258-4160-A9DD-6160B8ADE053}"
EndProject
Project("{FAE04EC0-301F-11D3-BF4B-00C04F79EFBC}") = "DollarTracker.Core", "DollarTracker.Core\DollarTracker.Core.csproj", "{0221907E-897B-49B4-8AFB-188A34EFFE46}"
EndProject
Global
	GlobalSection(SolutionConfigurationPlatforms) = preSolution
		Debug|Any CPU = Debug|Any CPU
		Release|Any CPU = Release|Any CPU
	EndGlobalSection
	GlobalSection(ProjectConfigurationPlatforms) = postSolution
		{4A1C8910-8D0B-4DDE-88CB-A326D6D0AAF9}.Debug|Any CPU.ActiveCfg = Debug|Any CPU
		{4A1C8910-8D0B-4DDE-88CB-A326D6D0AAF9}.Debug|Any CPU.Build.0 = Debug|Any CPU
		{4A1C8910-8D0B-4DDE-88CB-A326D6D0AAF9}.Release|Any CPU.ActiveCfg = Release|Any CPU
		{4A1C8910-8D0B-4DDE-88CB-A326D6D0AAF9}.Release|Any CPU.Build.0 = Release|Any CPU
		{2AF15F94-1258-4160-A9DD-6160B8ADE053}.Debug|Any CPU.ActiveCfg = Debug|Any CPU
		{2AF15F94-1258-4160-A9DD-6160B8ADE053}.Debug|Any CPU.Build.0 = Debug|Any CPU
		{2AF15F94-1258-4160-A9DD-6160B8ADE053}.Release|Any CPU.ActiveCfg = Release|Any CPU
		{2AF15F94-1258-4160-A9DD-6160B8ADE053}.Release|Any CPU.Build.0 = Release|Any CPU
		{0221907E-897B-49B4-8AFB-188A34EFFE46}.Debug|Any CPU.ActiveCfg = Debug|Any CPU
		{0221907E-897B-49B4-8AFB-188A34EFFE46}.Debug|Any CPU.Build.0 = Debug|Any CPU
		{0221907E-897B-49B4-8AFB-188A34EFFE46}.Release|Any CPU.ActiveCfg = Release|Any CPU
		{0221907E-897B-49B4-8AFB-188A34EFFE46}.Release|Any CPU.Build.0 = Release|Any CPU
	EndGlobalSection
	GlobalSection(SolutionProperties) = preSolution
		HideSolutionNode = FALSE
	EndGlobalSection
EndGlobal
